
Microsoft Visual Studio Solution File, Format Version 12.00
# Visual Studio Version 17
VisualStudioVersion = 17.4.33403.182
MinimumVisualStudioVersion = 10.0.40219.1
Project("{9A19103F-16F7-4668-BE54-9A1E7A4F7556}") = "DataCaptureService", "DataCaptureService\DataCaptureService.csproj", "{A10CDBA4-2200-4FE6-AF3A-327EA2DFC3BA}"
EndProject
Project("{FAE04EC0-301F-11D3-BF4B-00C04F79EFBC}") = "MainProcessingService", "MainProcessingService\MainProcessingService.csproj", "{F446C95C-8BF6-4A69-B9A4-68996F40885A}"
EndProject
Global
	GlobalSection(SolutionConfigurationPlatforms) = preSolution
		Debug|Any CPU = Debug|Any CPU
		Release|Any CPU = Release|Any CPU
	EndGlobalSection
	GlobalSection(ProjectConfigurationPlatforms) = postSolution
		{A10CDBA4-2200-4FE6-AF3A-327EA2DFC3BA}.Debug|Any CPU.ActiveCfg = Debug|Any CPU
		{A10CDBA4-2200-4FE6-AF3A-327EA2DFC3BA}.Debug|Any CPU.Build.0 = Debug|Any CPU
		{A10CDBA4-2200-4FE6-AF3A-327EA2DFC3BA}.Release|Any CPU.ActiveCfg = Release|Any CPU
		{A10CDBA4-2200-4FE6-AF3A-327EA2DFC3BA}.Release|Any CPU.Build.0 = Release|Any CPU
		{F446C95C-8BF6-4A69-B9A4-68996F40885A}.Debug|Any CPU.ActiveCfg = Debug|Any CPU
		{F446C95C-8BF6-4A69-B9A4-68996F40885A}.Debug|Any CPU.Build.0 = Debug|Any CPU
		{F446C95C-8BF6-4A69-B9A4-68996F40885A}.Release|Any CPU.ActiveCfg = Release|Any CPU
		{F446C95C-8BF6-4A69-B9A4-68996F40885A}.Release|Any CPU.Build.0 = Release|Any CPU
	EndGlobalSection
	GlobalSection(SolutionProperties) = preSolution
		HideSolutionNode = FALSE
	EndGlobalSection
	GlobalSection(ExtensibilityGlobals) = postSolution
		SolutionGuid = {ABD49AF1-CE19-4BFB-A37E-0B3DD1402AB7}
	EndGlobalSection
EndGlobal
