
Microsoft Visual Studio Solution File, Format Version 12.00
# Visual Studio Version 16
VisualStudioVersion = 16.0.32929.386
MinimumVisualStudioVersion = 10.0.40219.1
Project("{FAE04EC0-301F-11D3-BF4B-00C04F79EFBC}") = "DumpHomeworkDecompiled", "DumpHomeworkDecompiled.csproj", "{3A365AFC-F0D9-468A-A467-47AA35E816F1}"
EndProject
Global
	GlobalSection(SolutionConfigurationPlatforms) = preSolution
		Debug|Any CPU = Debug|Any CPU
		Release|Any CPU = Release|Any CPU
	EndGlobalSection
	GlobalSection(ProjectConfigurationPlatforms) = postSolution
		{3A365AFC-F0D9-468A-A467-47AA35E816F1}.Debug|Any CPU.ActiveCfg = Debug|Any CPU
		{3A365AFC-F0D9-468A-A467-47AA35E816F1}.Debug|Any CPU.Build.0 = Debug|Any CPU
		{3A365AFC-F0D9-468A-A467-47AA35E816F1}.Release|Any CPU.ActiveCfg = Release|Any CPU
		{3A365AFC-F0D9-468A-A467-47AA35E816F1}.Release|Any CPU.Build.0 = Release|Any CPU
	EndGlobalSection
	GlobalSection(SolutionProperties) = preSolution
		HideSolutionNode = FALSE
	EndGlobalSection
	GlobalSection(ExtensibilityGlobals) = postSolution
		SolutionGuid = {FA1124C6-EB59-49C0-9A31-B73EB7CF953A}
	EndGlobalSection
EndGlobal
